
Microsoft Visual Studio Solution File, Format Version 12.00
# Visual Studio Version 17
VisualStudioVersion = 17.7.34202.233
MinimumVisualStudioVersion = 10.0.40219.1
Project("{888888A0-9F3D-457C-B088-3A5042F75D52}") = "Dproject", "Dproject\Dproject.pyproj", "{6527BFDA-D25D-4D31-BBF2-8CCC7C2FF9CE}"
EndProject
Global
	GlobalSection(SolutionConfigurationPlatforms) = preSolution
		Debug|Any CPU = Debug|Any CPU
		Release|Any CPU = Release|Any CPU
	EndGlobalSection
	GlobalSection(ProjectConfigurationPlatforms) = postSolution
		{6527BFDA-D25D-4D31-BBF2-8CCC7C2FF9CE}.Debug|Any CPU.ActiveCfg = Debug|Any CPU
		{6527BFDA-D25D-4D31-BBF2-8CCC7C2FF9CE}.Debug|Any CPU.Build.0 = Debug|Any CPU
		{6527BFDA-D25D-4D31-BBF2-8CCC7C2FF9CE}.Release|Any CPU.ActiveCfg = Release|Any CPU
		{6527BFDA-D25D-4D31-BBF2-8CCC7C2FF9CE}.Release|Any CPU.Build.0 = Release|Any CPU
	EndGlobalSection
	GlobalSection(SolutionProperties) = preSolution
		HideSolutionNode = FALSE
	EndGlobalSection
	GlobalSection(ExtensibilityGlobals) = postSolution
		SolutionGuid = {AA978597-394A-466E-9433-D4B643FDE134}
	EndGlobalSection
EndGlobal
